github.com/bradhe/stopwatch v0.0.0-20190618212248-a58cccc508ea h1:+GIgqdjrcKMHK1JqC1Bb9arFtNOGX/SWCkueobreyQU=
github.com/bradhe/stopwatch v0.0.0-20190618212248-a58cccc508ea/go.mod h1:P/j2DSP/kCOakHBACzMqmOdrTEieqdSiB3U9fqk7qgc=
github.com/gorilla/mux v1.7.4 h1:VuZ8uybHlWmqV03+zRzdwKL4tUnIp1MAQtp1mIFE1bc=
github.com/gorilla/mux v1.7.4/go.mod h1:DVbg23sWSpFRCP0SfiEN6jmj59UnW/n46BH5rLB71So=
github.com/wowlsh93/hyperledger-fabric-400 v0.0.0-20200228033325-cef63e77a424/go.mod h1:dGKeIGKJlgrO9dtcvfGu17one25sOdMHE/aLr47dt8g=
